
Microsoft Visual Studio Solution File, Format Version 12.00
# Visual Studio Version 17
VisualStudioVersion = 17.3.32922.545
MinimumVisualStudioVersion = 10.0.40219.1
Project("{FAE04EC0-301F-11D3-BF4B-00C04F79EFBC}") = "ContactsAPI", "ContactsAPI\ContactsAPI.csproj", "{E3A9A44A-04BD-4AA6-B7D5-5878EC608E80}"
EndProject
Global
	GlobalSection(SolutionConfigurationPlatforms) = preSolution
		Debug|Any CPU = Debug|Any CPU
		Release|Any CPU = Release|Any CPU
	EndGlobalSection
	GlobalSection(ProjectConfigurationPlatforms) = postSolution
		{E3A9A44A-04BD-4AA6-B7D5-5878EC608E80}.Debug|Any CPU.ActiveCfg = Debug|Any CPU
		{E3A9A44A-04BD-4AA6-B7D5-5878EC608E80}.Debug|Any CPU.Build.0 = Debug|Any CPU
		{E3A9A44A-04BD-4AA6-B7D5-5878EC608E80}.Release|Any CPU.ActiveCfg = Release|Any CPU
		{E3A9A44A-04BD-4AA6-B7D5-5878EC608E80}.Release|Any CPU.Build.0 = Release|Any CPU
	EndGlobalSection
	GlobalSection(SolutionProperties) = preSolution
		HideSolutionNode = FALSE
	EndGlobalSection
	GlobalSection(ExtensibilityGlobals) = postSolution
		SolutionGuid = {5E4741A0-32CB-4F12-B873-4E5180BB174C}
	EndGlobalSection
EndGlobal
